{
  "requires": true,
  "lockfileVersion": 1,
  "dependencies": {
    "bootstrap": {
      "version": "4.0.0-beta",
      "resolved": "https://registry.npmjs.org/bootstrap/-/bootstrap-4.0.0-beta.tgz",
      "integrity": "sha512-I/r3fYtUZr+rUNkh8HI+twxZ56p6ehNn27eA1XSebLVQKAJ2xZHnEvZrSR+UR2A/bONcd9gHC3xatVhQlH6R6w=="
    },
    "sweetalert2": {
      "version": "6.10.2",
      "resolved": "https://registry.npmjs.org/sweetalert2/-/sweetalert2-6.10.2.tgz",
      "integrity": "sha512-mhAtL136PtNYEKOkak99DfO8nAKz2FBH9TKY0vvd3ZopWvb9VNcJWzB3/4yZ/opIRigba6zYGHe2pejnh1ixUw=="
    }
  }
}
